
Microsoft Visual Studio Solution File, Format Version 12.00
# Visual Studio Version 16
VisualStudioVersion = 16.0.29306.81
MinimumVisualStudioVersion = 10.0.40219.1
Project("{FAE04EC0-301F-11D3-BF4B-00C04F79EFBC}") = "tempovida", "tempovida.csproj", "{56A966D9-2500-4FD5-A9AE-72B316EDD363}"
EndProject
Global
	GlobalSection(SolutionConfigurationPlatforms) = preSolution
		Debug|Any CPU = Debug|Any CPU
		Release|Any CPU = Release|Any CPU
	EndGlobalSection
	GlobalSection(ProjectConfigurationPlatforms) = postSolution
		{56A966D9-2500-4FD5-A9AE-72B316EDD363}.Debug|Any CPU.ActiveCfg = Debug|Any CPU
		{56A966D9-2500-4FD5-A9AE-72B316EDD363}.Debug|Any CPU.Build.0 = Debug|Any CPU
		{56A966D9-2500-4FD5-A9AE-72B316EDD363}.Release|Any CPU.ActiveCfg = Release|Any CPU
		{56A966D9-2500-4FD5-A9AE-72B316EDD363}.Release|Any CPU.Build.0 = Release|Any CPU
	EndGlobalSection
	GlobalSection(SolutionProperties) = preSolution
		HideSolutionNode = FALSE
	EndGlobalSection
	GlobalSection(ExtensibilityGlobals) = postSolution
		SolutionGuid = {03651846-BE44-4836-85BD-B57F9DEE9BA8}
	EndGlobalSection
EndGlobal
